// !$*UTF8*$!
{
	archiveVersion = 1;
	classes = {
	};
	objectVersion = 56;
	objects = {

/* Begin PBXBuildFile section */
		337E5483290283AC005465C2 /* LearnAPIApp.swift in Sources */ = {isa = PBXBuildFile; fileRef = 337E5482290283AC005465C2 /* LearnAPIApp.swift */; };
		337E5485290283AC005465C2 /* ContentView.swift in Sources */ = {isa = PBXBuildFile; fileRef = 337E5484290283AC005465C2 /* ContentView.swift */; };
		337E5487290283AE005465C2 /* Assets.xcassets in Resources */ = {isa = PBXBuildFile; fileRef = 337E5486290283AE005465C2 /* Assets.xcassets */; };
		337E548A290283AE005465C2 /* Preview Assets.xcassets in Resources */ = {isa = PBXBuildFile; fileRef = 337E5489290283AE005465C2 /* Preview Assets.xcassets */; };
		337E5494290283AE005465C2 /* LearnAPITests.swift in Sources */ = {isa = PBXBuildFile; fileRef = 337E5493290283AE005465C2 /* LearnAPITests.swift */; };
		337E549E290283AE005465C2 /* LearnAPIUITests.swift in Sources */ = {isa = PBXBuildFile; fileRef = 337E549D290283AE005465C2 /* LearnAPIUITests.swift */; };
		337E54A0290283AE005465C2 /* LearnAPIUITestsLaunchTests.swift in Sources */ = {isa = PBXBuildFile; fileRef = 337E549F290283AE005465C2 /* LearnAPIUITestsLaunchTests.swift */; };
		337E54AD29029116005465C2 /* StationModel.swift in Sources */ = {isa = PBXBuildFile; fileRef = 337E54AC29029116005465C2 /* StationModel.swift */; };
		337E54B02902BA4D005465C2 /* StationView.swift in Sources */ = {isa = PBXBuildFile; fileRef = 337E54AF2902BA4D005465C2 /* StationView.swift */; };
		337E54B22902BB11005465C2 /* StationList.swift in Sources */ = {isa = PBXBuildFile; fileRef = 337E54B12902BB11005465C2 /* StationList.swift */; };
		337E54BB2902CFD7005465C2 /* LocationManager.swift in Sources */ = {isa = PBXBuildFile; fileRef = 337E54BA2902CFD7005465C2 /* LocationManager.swift */; };
		337E54BD2902D181005465C2 /* MapView.swift in Sources */ = {isa = PBXBuildFile; fileRef = 337E54BC2902D181005465C2 /* MapView.swift */; };
		337E54BF2902DA82005465C2 /* StationListView.swift in Sources */ = {isa = PBXBuildFile; fileRef = 337E54BE2902DA82005465C2 /* StationListView.swift */; };
		337E54C12902EC54005465C2 /* PinPopUpView.swift in Sources */ = {isa = PBXBuildFile; fileRef = 337E54C02902EC54005465C2 /* PinPopUpView.swift */; };
/* End PBXBuildFile section */

/* Begin PBXContainerItemProxy section */
		337E5490290283AE005465C2 /* PBXContainerItemProxy */ = {
			isa = PBXContainerItemProxy;
			containerPortal = 337E5477290283AC005465C2 /* Project object */;
			proxyType = 1;
			remoteGlobalIDString = 337E547E290283AC005465C2;
			remoteInfo = LearnAPI;
		};
		337E549A290283AE005465C2 /* PBXContainerItemProxy */ = {
			isa = PBXContainerItemProxy;
			containerPortal = 337E5477290283AC005465C2 /* Project object */;
			proxyType = 1;
			remoteGlobalIDString = 337E547E290283AC005465C2;
			remoteInfo = LearnAPI;
		};
/* End PBXContainerItemProxy section */

/* Begin PBXFileReference section */
		337E547F290283AC005465C2 /* LearnAPI.app */ = {isa = PBXFileReference; explicitFileType = wrapper.application; includeInIndex = 0; path = LearnAPI.app; sourceTree = BUILT_PRODUCTS_DIR; };
		337E5482290283AC005465C2 /* LearnAPIApp.swift */ = {isa = PBXFileReference; lastKnownFileType = sourcecode.swift; path = LearnAPIApp.swift; sourceTree = "<group>"; };
		337E5484290283AC005465C2 /* ContentView.swift */ = {isa = PBXFileReference; lastKnownFileType = sourcecode.swift; path = ContentView.swift; sourceTree = "<group>"; };
		337E5486290283AE005465C2 /* Assets.xcassets */ = {isa = PBXFileReference; lastKnownFileType = folder.assetcatalog; path = Assets.xcassets; sourceTree = "<group>"; };
		337E5489290283AE005465C2 /* Preview Assets.xcassets */ = {isa = PBXFileReference; lastKnownFileType = folder.assetcatalog; path = "Preview Assets.xcassets"; sourceTree = "<group>"; };
		337E548F290283AE005465C2 /* LearnAPITests.xctest */ = {isa = PBXFileReference; explicitFileType = wrapper.cfbundle; includeInIndex = 0; path = LearnAPITests.xctest; sourceTree = BUILT_PRODUCTS_DIR; };
		337E5493290283AE005465C2 /* LearnAPITests.swift */ = {isa = PBXFileReference; lastKnownFileType = sourcecode.swift; path = LearnAPITests.swift; sourceTree = "<group>"; };
		337E5499290283AE005465C2 /* LearnAPIUITests.xctest */ = {isa = PBXFileReference; explicitFileType = wrapper.cfbundle; includeInIndex = 0; path = LearnAPIUITests.xctest; sourceTree = BUILT_PRODUCTS_DIR; };
		337E549D290283AE005465C2 /* LearnAPIUITests.swift */ = {isa = PBXFileReference; lastKnownFileType = sourcecode.swift; path = LearnAPIUITests.swift; sourceTree = "<group>"; };
		337E549F290283AE005465C2 /* LearnAPIUITestsLaunchTests.swift */ = {isa = PBXFileReference; lastKnownFileType = sourcecode.swift; path = LearnAPIUITestsLaunchTests.swift; sourceTree = "<group>"; };
		337E54AC29029116005465C2 /* StationModel.swift */ = {isa = PBXFileReference; lastKnownFileType = sourcecode.swift; path = StationModel.swift; sourceTree = "<group>"; };
		337E54AE2902A6D7005465C2 /* Info.plist */ = {isa = PBXFileReference; lastKnownFileType = text.plist; path = Info.plist; sourceTree = "<group>"; };
		337E54AF2902BA4D005465C2 /* StationView.swift */ = {isa = PBXFileReference; lastKnownFileType = sourcecode.swift; path = StationView.swift; sourceTree = "<group>"; };
		337E54B12902BB11005465C2 /* StationList.swift */ = {isa = PBXFileReference; lastKnownFileType = sourcecode.swift; path = StationList.swift; sourceTree = "<group>"; };
		337E54BA2902CFD7005465C2 /* LocationManager.swift */ = {isa = PBXFileReference; lastKnownFileType = sourcecode.swift; path = LocationManager.swift; sourceTree = "<group>"; };
		337E54BC2902D181005465C2 /* MapView.swift */ = {isa = PBXFileReference; lastKnownFileType = sourcecode.swift; path = MapView.swift; sourceTree = "<group>"; };
		337E54BE2902DA82005465C2 /* StationListView.swift */ = {isa = PBXFileReference; lastKnownFileType = sourcecode.swift; path = StationListView.swift; sourceTree = "<group>"; };
		337E54C02902EC54005465C2 /* PinPopUpView.swift */ = {isa = PBXFileReference; lastKnownFileType = sourcecode.swift; path = PinPopUpView.swift; sourceTree = "<group>"; };
/* End PBXFileReference section */

/* Begin PBXFrameworksBuildPhase section */
		337E547C290283AC005465C2 /* Frameworks */ = {
			isa = PBXFrameworksBuildPhase;
			buildActionMask = 2147483647;
			files = (
			);
			runOnlyForDeploymentPostprocessing = 0;
		};
		337E548C290283AE005465C2 /* Frameworks */ = {
			isa = PBXFrameworksBuildPhase;
			buildActionMask = 2147483647;
			files = (
			);
			runOnlyForDeploymentPostprocessing = 0;
		};
		337E5496290283AE005465C2 /* Frameworks */ = {
			isa = PBXFrameworksBuildPhase;
			buildActionMask = 2147483647;
			files = (
			);
			runOnlyForDeploymentPostprocessing = 0;
		};
/* End PBXFrameworksBuildPhase section */

/* Begin PBXGroup section */
		337E5476290283AC005465C2 = {
			isa = PBXGroup;
			children = (
				337E5481290283AC005465C2 /* LearnAPI */,
				337E5492290283AE005465C2 /* LearnAPITests */,
				337E549C290283AE005465C2 /* LearnAPIUITests */,
				337E5480290283AC005465C2 /* Products */,
			);
			sourceTree = "<group>";
		};
		337E5480290283AC005465C2 /* Products */ = {
			isa = PBXGroup;
			children = (
				337E547F290283AC005465C2 /* LearnAPI.app */,
				337E548F290283AE005465C2 /* LearnAPITests.xctest */,
				337E5499290283AE005465C2 /* LearnAPIUITests.xctest */,
			);
			name = Products;
			sourceTree = "<group>";
		};
		337E5481290283AC005465C2 /* LearnAPI */ = {
			isa = PBXGroup;
			children = (
				337E54B82902CECF005465C2 /* View */,
				337E54B52902CE46005465C2 /* Model */,
				337E54AE2902A6D7005465C2 /* Info.plist */,
				337E5482290283AC005465C2 /* LearnAPIApp.swift */,
				337E5484290283AC005465C2 /* ContentView.swift */,
				337E5486290283AE005465C2 /* Assets.xcassets */,
				337E5488290283AE005465C2 /* Preview Content */,
			);
			path = LearnAPI;
			sourceTree = "<group>";
		};
		337E5488290283AE005465C2 /* Preview Content */ = {
			isa = PBXGroup;
			children = (
				337E5489290283AE005465C2 /* Preview Assets.xcassets */,
			);
			path = "Preview Content";
			sourceTree = "<group>";
		};
		337E5492290283AE005465C2 /* LearnAPITests */ = {
			isa = PBXGroup;
			children = (
				337E5493290283AE005465C2 /* LearnAPITests.swift */,
			);
			path = LearnAPITests;
			sourceTree = "<group>";
		};
		337E549C290283AE005465C2 /* LearnAPIUITests */ = {
			isa = PBXGroup;
			children = (
				337E549D290283AE005465C2 /* LearnAPIUITests.swift */,
				337E549F290283AE005465C2 /* LearnAPIUITestsLaunchTests.swift */,
			);
			path = LearnAPIUITests;
			sourceTree = "<group>";
		};
		337E54B52902CE46005465C2 /* Model */ = {
			isa = PBXGroup;
			children = (
				337E54B72902CEBB005465C2 /* Map */,
				337E54B62902CE6D005465C2 /* API */,
			);
			path = Model;
			sourceTree = "<group>";
		};
		337E54B62902CE6D005465C2 /* API */ = {
			isa = PBXGroup;
			children = (
				337E54AC29029116005465C2 /* StationModel.swift */,
				337E54B12902BB11005465C2 /* StationList.swift */,
			);
			path = API;
			sourceTree = "<group>";
		};
		337E54B72902CEBB005465C2 /* Map */ = {
			isa = PBXGroup;
			children = (
				337E54BA2902CFD7005465C2 /* LocationManager.swift */,
			);
			path = Map;
			sourceTree = "<group>";
		};
		337E54B82902CECF005465C2 /* View */ = {
			isa = PBXGroup;
			children = (
				337E54AF2902BA4D005465C2 /* StationView.swift */,
				337E54BC2902D181005465C2 /* MapView.swift */,
				337E54BE2902DA82005465C2 /* StationListView.swift */,
				337E54C02902EC54005465C2 /* PinPopUpView.swift */,
			);
			path = View;
			sourceTree = "<group>";
		};
/* End PBXGroup section */

/* Begin PBXNativeTarget section */
		337E547E290283AC005465C2 /* LearnAPI */ = {
			isa = PBXNativeTarget;
			buildConfigurationList = 337E54A3290283AE005465C2 /* Build configuration list for PBXNativeTarget "LearnAPI" */;
			buildPhases = (
				337E547B290283AC005465C2 /* Sources */,
				337E547C290283AC005465C2 /* Frameworks */,
				337E547D290283AC005465C2 /* Resources */,
			);
			buildRules = (
			);
			dependencies = (
			);
			name = LearnAPI;
			productName = LearnAPI;
			productReference = 337E547F290283AC005465C2 /* LearnAPI.app */;
			productType = "com.apple.product-type.application";
		};
		337E548E290283AE005465C2 /* LearnAPITests */ = {
			isa = PBXNativeTarget;
			buildConfigurationList = 337E54A6290283AE005465C2 /* Build configuration list for PBXNativeTarget "LearnAPITests" */;
			buildPhases = (
				337E548B290283AE005465C2 /* Sources */,
				337E548C290283AE005465C2 /* Frameworks */,
				337E548D290283AE005465C2 /* Resources */,
			);
			buildRules = (
			);
			dependencies = (
				337E5491290283AE005465C2 /* PBXTargetDependency */,
			);
			name = LearnAPITests;
			productName = LearnAPITests;
			productReference = 337E548F290283AE005465C2 /* LearnAPITests.xctest */;
			productType = "com.apple.product-type.bundle.unit-test";
		};
		337E5498290283AE005465C2 /* LearnAPIUITests */ = {
			isa = PBXNativeTarget;
			buildConfigurationList = 337E54A9290283AE005465C2 /* Build configuration list for PBXNativeTarget "LearnAPIUITests" */;
			buildPhases = (
				337E5495290283AE005465C2 /* Sources */,
				337E5496290283AE005465C2 /* Frameworks */,
				337E5497290283AE005465C2 /* Resources */,
			);
			buildRules = (
			);
			dependencies = (
				337E549B290283AE005465C2 /* PBXTargetDependency */,
			);
			name = LearnAPIUITests;
			productName = LearnAPIUITests;
			productReference = 337E5499290283AE005465C2 /* LearnAPIUITests.xctest */;
			productType = "com.apple.product-type.bundle.ui-testing";
		};
/* End PBXNativeTarget section */

/* Begin PBXProject section */
		337E5477290283AC005465C2 /* Project object */ = {
			isa = PBXProject;
			attributes = {
				BuildIndependentTargetsInParallel = 1;
				LastSwiftUpdateCheck = 1400;
				LastUpgradeCheck = 1400;
				TargetAttributes = {
					337E547E290283AC005465C2 = {
						CreatedOnToolsVersion = 14.0.1;
					};
					337E548E290283AE005465C2 = {
						CreatedOnToolsVersion = 14.0.1;
						TestTargetID = 337E547E290283AC005465C2;
					};
					337E5498290283AE005465C2 = {
						CreatedOnToolsVersion = 14.0.1;
						TestTargetID = 337E547E290283AC005465C2;
					};
				};
			};
			buildConfigurationList = 337E547A290283AC005465C2 /* Build configuration list for PBXProject "LearnAPI" */;
			compatibilityVersion = "Xcode 14.0";
			developmentRegion = en;
			hasScannedForEncodings = 0;
			knownRegions = (
				en,
				Base,
			);
			mainGroup = 337E5476290283AC005465C2;
			productRefGroup = 337E5480290283AC005465C2 /* Products */;
			projectDirPath = "";
			projectRoot = "";
			targets = (
				337E547E290283AC005465C2 /* LearnAPI */,
				337E548E290283AE005465C2 /* LearnAPITests */,
				337E5498290283AE005465C2 /* LearnAPIUITests */,
			);
		};
/* End PBXProject section */

/* Begin PBXResourcesBuildPhase section */
		337E547D290283AC005465C2 /* Resources */ = {
			isa = PBXResourcesBuildPhase;
			buildActionMask = 2147483647;
			files = (
				337E548A290283AE005465C2 /* Preview Assets.xcassets in Resources */,
				337E5487290283AE005465C2 /* Assets.xcassets in Resources */,
			);
			runOnlyForDeploymentPostprocessing = 0;
		};
		337E548D290283AE005465C2 /* Resources */ = {
			isa = PBXResourcesBuildPhase;
			buildActionMask = 2147483647;
			files = (
			);
			runOnlyForDeploymentPostprocessing = 0;
		};
		337E5497290283AE005465C2 /* Resources */ = {
			isa = PBXResourcesBuildPhase;
			buildActionMask = 2147483647;
			files = (
			);
			runOnlyForDeploymentPostprocessing = 0;
		};
/* End PBXResourcesBuildPhase section */

/* Begin PBXSourcesBuildPhase section */
		337E547B290283AC005465C2 /* Sources */ = {
			isa = PBXSourcesBuildPhase;
			buildActionMask = 2147483647;
			files = (
				337E54B22902BB11005465C2 /* StationList.swift in Sources */,
				337E54BF2902DA82005465C2 /* StationListView.swift in Sources */,
				337E54BD2902D181005465C2 /* MapView.swift in Sources */,
				337E5485290283AC005465C2 /* ContentView.swift in Sources */,
				337E54B02902BA4D005465C2 /* StationView.swift in Sources */,
				337E54C12902EC54005465C2 /* PinPopUpView.swift in Sources */,
				337E54BB2902CFD7005465C2 /* LocationManager.swift in Sources */,
				337E54AD29029116005465C2 /* StationModel.swift in Sources */,
				337E5483290283AC005465C2 /* LearnAPIApp.swift in Sources */,
			);
			runOnlyForDeploymentPostprocessing = 0;
		};
		337E548B290283AE005465C2 /* Sources */ = {
			isa = PBXSourcesBuildPhase;
			buildActionMask = 2147483647;
			files = (
				337E5494290283AE005465C2 /* LearnAPITests.swift in Sources */,
			);
			runOnlyForDeploymentPostprocessing = 0;
		};
		337E5495290283AE005465C2 /* Sources */ = {
			isa = PBXSourcesBuildPhase;
			buildActionMask = 2147483647;
			files = (
				337E54A0290283AE005465C2 /* LearnAPIUITestsLaunchTests.swift in Sources */,
				337E549E290283AE005465C2 /* LearnAPIUITests.swift in Sources */,
			);
			runOnlyForDeploymentPostprocessing = 0;
		};
/* End PBXSourcesBuildPhase section */

/* Begin PBXTargetDependency section */
		337E5491290283AE005465C2 /* PBXTargetDependency */ = {
			isa = PBXTargetDependency;
			target = 337E547E290283AC005465C2 /* LearnAPI */;
			targetProxy = 337E5490290283AE005465C2 /* PBXContainerItemProxy */;
		};
		337E549B290283AE005465C2 /* PBXTargetDependency */ = {
			isa = PBXTargetDependency;
			target = 337E547E290283AC005465C2 /* LearnAPI */;
			targetProxy = 337E549A290283AE005465C2 /* PBXContainerItemProxy */;
		};
/* End PBXTargetDependency section */

/* Begin XCBuildConfiguration section */
		337E54A1290283AE005465C2 /* Debug */ = {
			isa = XCBuildConfiguration;
			buildSettings = {
				ALWAYS_SEARCH_USER_PATHS = NO;
				CLANG_ANALYZER_NONNULL = YES;
				CLANG_ANALYZER_NUMBER_OBJECT_CONVERSION = YES_AGGRESSIVE;
				CLANG_CXX_LANGUAGE_STANDARD = "gnu++20";
				CLANG_ENABLE_MODULES = YES;
				CLANG_ENABLE_OBJC_ARC = YES;
				CLANG_ENABLE_OBJC_WEAK = YES;
				CLANG_WARN_BLOCK_CAPTURE_AUTORELEASING = YES;
				CLANG_WARN_BOOL_CONVERSION = YES;
				CLANG_WARN_COMMA = YES;
				CLANG_WARN_CONSTANT_CONVERSION = YES;
				CLANG_WARN_DEPRECATED_OBJC_IMPLEMENTATIONS = YES;
				CLANG_WARN_DIRECT_OBJC_ISA_USAGE = YES_ERROR;
				CLANG_WARN_DOCUMENTATION_COMMENTS = YES;
				CLANG_WARN_EMPTY_BODY = YES;
				CLANG_WARN_ENUM_CONVERSION = YES;
				CLANG_WARN_INFINITE_RECURSION = YES;
				CLANG_WARN_INT_CONVERSION = YES;
				CLANG_WARN_NON_LITERAL_NULL_CONVERSION = YES;
				CLANG_WARN_OBJC_IMPLICIT_RETAIN_SELF = YES;
				CLANG_WARN_OBJC_LITERAL_CONVERSION = YES;
				CLANG_WARN_OBJC_ROOT_CLASS = YES_ERROR;
				CLANG_WARN_QUOTED_INCLUDE_IN_FRAMEWORK_HEADER = YES;
				CLANG_WARN_RANGE_LOOP_ANALYSIS = YES;
				CLANG_WARN_STRICT_PROTOTYPES = YES;
				CLANG_WARN_SUSPICIOUS_MOVE = YES;
				CLANG_WARN_UNGUARDED_AVAILABILITY = YES_AGGRESSIVE;
				CLANG_WARN_UNREACHABLE_CODE = YES;
				CLANG_WARN__DUPLICATE_METHOD_MATCH = YES;
				COPY_PHASE_STRIP = NO;
				DEBUG_INFORMATION_FORMAT = dwarf;
				ENABLE_STRICT_OBJC_MSGSEND = YES;
				ENABLE_TESTABILITY = YES;
				GCC_C_LANGUAGE_STANDARD = gnu11;
				GCC_DYNAMIC_NO_PIC = NO;
				GCC_NO_COMMON_BLOCKS = YES;
				GCC_OPTIMIZATION_LEVEL = 0;
				GCC_PREPROCESSOR_DEFINITIONS = (
					"DEBUG=1",
					"$(inherited)",
				);
				GCC_WARN_64_TO_32_BIT_CONVERSION = YES;
				GCC_WARN_ABOUT_RETURN_TYPE = YES_ERROR;
				GCC_WARN_UNDECLARED_SELECTOR = YES;
				GCC_WARN_UNINITIALIZED_AUTOS = YES_AGGRESSIVE;
				GCC_WARN_UNUSED_FUNCTION = YES;
				GCC_WARN_UNUSED_VARIABLE = YES;
				IPHONEOS_DEPLOYMENT_TARGET = 16.0;
				MTL_ENABLE_DEBUG_INFO = INCLUDE_SOURCE;
				MTL_FAST_MATH = YES;
				ONLY_ACTIVE_ARCH = YES;
				SDKROOT = iphoneos;
				SWIFT_ACTIVE_COMPILATION_CONDITIONS = DEBUG;
				SWIFT_OPTIMIZATION_LEVEL = "-Onone";
			};
			name = Debug;
		};
		337E54A2290283AE005465C2 /* Release */ = {
			isa = XCBuildConfiguration;
			buildSettings = {
				ALWAYS_SEARCH_USER_PATHS = NO;
				CLANG_ANALYZER_NONNULL = YES;
				CLANG_ANALYZER_NUMBER_OBJECT_CONVERSION = YES_AGGRESSIVE;
				CLANG_CXX_LANGUAGE_STANDARD = "gnu++20";
				CLANG_ENABLE_MODULES = YES;
				CLANG_ENABLE_OBJC_ARC = YES;
				CLANG_ENABLE_OBJC_WEAK = YES;
				CLANG_WARN_BLOCK_CAPTURE_AUTORELEASING = YES;
				CLANG_WARN_BOOL_CONVERSION = YES;
				CLANG_WARN_COMMA = YES;
				CLANG_WARN_CONSTANT_CONVERSION = YES;
				CLANG_WARN_DEPRECATED_OBJC_IMPLEMENTATIONS = YES;
				CLANG_WARN_DIRECT_OBJC_ISA_USAGE = YES_ERROR;
				CLANG_WARN_DOCUMENTATION_COMMENTS = YES;
				CLANG_WARN_EMPTY_BODY = YES;
				CLANG_WARN_ENUM_CONVERSION = YES;
				CLANG_WARN_INFINITE_RECURSION = YES;
				CLANG_WARN_INT_CONVERSION = YES;
				CLANG_WARN_NON_LITERAL_NULL_CONVERSION = YES;
				CLANG_WARN_OBJC_IMPLICIT_RETAIN_SELF = YES;
				CLANG_WARN_OBJC_LITERAL_CONVERSION = YES;
				CLANG_WARN_OBJC_ROOT_CLASS = YES_ERROR;
				CLANG_WARN_QUOTED_INCLUDE_IN_FRAMEWORK_HEADER = YES;
				CLANG_WARN_RANGE_LOOP_ANALYSIS = YES;
				CLANG_WARN_STRICT_PROTOTYPES = YES;
				CLANG_WARN_SUSPICIOUS_MOVE = YES;
				CLANG_WARN_UNGUARDED_AVAILABILITY = YES_AGGRESSIVE;
				CLANG_WARN_UNREACHABLE_CODE = YES;
				CLANG_WARN__DUPLICATE_METHOD_MATCH = YES;
				COPY_PHASE_STRIP = NO;
				DEBUG_INFORMATION_FORMAT = "dwarf-with-dsym";
				ENABLE_NS_ASSERTIONS = NO;
				ENABLE_STRICT_OBJC_MSGSEND = YES;
				GCC_C_LANGUAGE_STANDARD = gnu11;
				GCC_NO_COMMON_BLOCKS = YES;
				GCC_WARN_64_TO_32_BIT_CONVERSION = YES;
				GCC_WARN_ABOUT_RETURN_TYPE = YES_ERROR;
				GCC_WARN_UNDECLARED_SELECTOR = YES;
				GCC_WARN_UNINITIALIZED_AUTOS = YES_AGGRESSIVE;
				GCC_WARN_UNUSED_FUNCTION = YES;
				GCC_WARN_UNUSED_VARIABLE = YES;
				IPHONEOS_DEPLOYMENT_TARGET = 16.0;
				MTL_ENABLE_DEBUG_INFO = NO;
				MTL_FAST_MATH = YES;
				SDKROOT = iphoneos;
				SWIFT_COMPILATION_MODE = wholemodule;
				SWIFT_OPTIMIZATION_LEVEL = "-O";
				VALIDATE_PRODUCT = YES;
			};
			name = Release;
		};
		337E54A4290283AE005465C2 /* Debug */ = {
			isa = XCBuildConfiguration;
			buildSettings = {
				ASSETCATALOG_COMPILER_APPICON_NAME = AppIcon;
				ASSETCATALOG_COMPILER_GLOBAL_ACCENT_COLOR_NAME = AccentColor;
				CODE_SIGN_STYLE = Automatic;
				CURRENT_PROJECT_VERSION = 1;
				DEVELOPMENT_ASSET_PATHS = "\"LearnAPI/Preview Content\"";
				DEVELOPMENT_TEAM = 8Z2SQL9F4K;
				ENABLE_PREVIEWS = YES;
				GENERATE_INFOPLIST_FILE = YES;
				INFOPLIST_FILE = LearnAPI/Info.plist;
				INFOPLIST_KEY_UIApplicationSceneManifest_Generation = YES;
				INFOPLIST_KEY_UIApplicationSupportsIndirectInputEvents = YES;
				INFOPLIST_KEY_UILaunchScreen_Generation = YES;
				INFOPLIST_KEY_UISupportedInterfaceOrientations_iPad = "UIInterfaceOrientationPortrait UIInterfaceOrientationPortraitUpsideDown UIInterfaceOrientationLandscapeLeft UIInterfaceOrientationLandscapeRight";
				INFOPLIST_KEY_UISupportedInterfaceOrientations_iPhone = "UIInterfaceOrientationPortrait UIInterfaceOrientationLandscapeLeft UIInterfaceOrientationLandscapeRight";
				LD_RUNPATH_SEARCH_PATHS = (
					"$(inherited)",
					"@executable_path/Frameworks",
				);
				MARKETING_VERSION = 1.0;
				PRODUCT_BUNDLE_IDENTIFIER = SaimanChen.LearnAPI;
				PRODUCT_NAME = "$(TARGET_NAME)";
				SWIFT_EMIT_LOC_STRINGS = YES;
				SWIFT_VERSION = 5.0;
				TARGETED_DEVICE_FAMILY = "1,2";
			};
			name = Debug;
		};
		337E54A5290283AE005465C2 /* Release */ = {
			isa = XCBuildConfiguration;
			buildSettings = {
				ASSETCATALOG_COMPILER_APPICON_NAME = AppIcon;
				ASSETCATALOG_COMPILER_GLOBAL_ACCENT_COLOR_NAME = AccentColor;
				CODE_SIGN_STYLE = Automatic;
				CURRENT_PROJECT_VERSION = 1;
				DEVELOPMENT_ASSET_PATHS = "\"LearnAPI/Preview Content\"";
				DEVELOPMENT_TEAM = 8Z2SQL9F4K;
				ENABLE_PREVIEWS = YES;
				GENERATE_INFOPLIST_FILE = YES;
				INFOPLIST_FILE = LearnAPI/Info.plist;
				INFOPLIST_KEY_UIApplicationSceneManifest_Generation = YES;
				INFOPLIST_KEY_UIApplicationSupportsIndirectInputEvents = YES;
				INFOPLIST_KEY_UILaunchScreen_Generation = YES;
				INFOPLIST_KEY_UISupportedInterfaceOrientations_iPad = "UIInterfaceOrientationPortrait UIInterfaceOrientationPortraitUpsideDown UIInterfaceOrientationLandscapeLeft UIInterfaceOrientationLandscapeRight";
				INFOPLIST_KEY_UISupportedInterfaceOrientations_iPhone = "UIInterfaceOrientationPortrait UIInterfaceOrientationLandscapeLeft UIInterfaceOrientationLandscapeRight";
				LD_RUNPATH_SEARCH_PATHS = (
					"$(inherited)",
					"@executable_path/Frameworks",
				);
				MARKETING_VERSION = 1.0;
				PRODUCT_BUNDLE_IDENTIFIER = SaimanChen.LearnAPI;
				PRODUCT_NAME = "$(TARGET_NAME)";
				SWIFT_EMIT_LOC_STRINGS = YES;
				SWIFT_VERSION = 5.0;
				TARGETED_DEVICE_FAMILY = "1,2";
			};
			name = Release;
		};
		337E54A7290283AE005465C2 /* Debug */ = {
			isa = XCBuildConfiguration;
			buildSettings = {
				ALWAYS_EMBED_SWIFT_STANDARD_LIBRARIES = YES;
				BUNDLE_LOADER = "$(TEST_HOST)";
				CODE_SIGN_STYLE = Automatic;
				CURRENT_PROJECT_VERSION = 1;
				DEVELOPMENT_TEAM = 8Z2SQL9F4K;
				GENERATE_INFOPLIST_FILE = YES;
				IPHONEOS_DEPLOYMENT_TARGET = 16.0;
				MARKETING_VERSION = 1.0;
				PRODUCT_BUNDLE_IDENTIFIER = SaimanChen.LearnAPITests;
				PRODUCT_NAME = "$(TARGET_NAME)";
				SWIFT_EMIT_LOC_STRINGS = NO;
				SWIFT_VERSION = 5.0;
				TARGETED_DEVICE_FAMILY = "1,2";
				TEST_HOST = "$(BUILT_PRODUCTS_DIR)/LearnAPI.app/$(BUNDLE_EXECUTABLE_FOLDER_PATH)/LearnAPI";
			};
			name = Debug;
		};
		337E54A8290283AE005465C2 /* Release */ = {
			isa = XCBuildConfiguration;
			buildSettings = {
				ALWAYS_EMBED_SWIFT_STANDARD_LIBRARIES = YES;
				BUNDLE_LOADER = "$(TEST_HOST)";
				CODE_SIGN_STYLE = Automatic;
				CURRENT_PROJECT_VERSION = 1;
				DEVELOPMENT_TEAM = 8Z2SQL9F4K;
				GENERATE_INFOPLIST_FILE = YES;
				IPHONEOS_DEPLOYMENT_TARGET = 16.0;
				MARKETING_VERSION = 1.0;
				PRODUCT_BUNDLE_IDENTIFIER = SaimanChen.LearnAPITests;
				PRODUCT_NAME = "$(TARGET_NAME)";
				SWIFT_EMIT_LOC_STRINGS = NO;
				SWIFT_VERSION = 5.0;
				TARGETED_DEVICE_FAMILY = "1,2";
				TEST_HOST = "$(BUILT_PRODUCTS_DIR)/LearnAPI.app/$(BUNDLE_EXECUTABLE_FOLDER_PATH)/LearnAPI";
			};
			name = Release;
		};
		337E54AA290283AE005465C2 /* Debug */ = {
			isa = XCBuildConfiguration;
			buildSettings = {
				ALWAYS_EMBED_SWIFT_STANDARD_LIBRARIES = YES;
				CODE_SIGN_STYLE = Automatic;
				CURRENT_PROJECT_VERSION = 1;
				DEVELOPMENT_TEAM = 8Z2SQL9F4K;
				GENERATE_INFOPLIST_FILE = YES;
				MARKETING_VERSION = 1.0;
				PRODUCT_BUNDLE_IDENTIFIER = SaimanChen.LearnAPIUITests;
				PRODUCT_NAME = "$(TARGET_NAME)";
				SWIFT_EMIT_LOC_STRINGS = NO;
				SWIFT_VERSION = 5.0;
				TARGETED_DEVICE_FAMILY = "1,2";
				TEST_TARGET_NAME = LearnAPI;
			};
			name = Debug;
		};
		337E54AB290283AE005465C2 /* Release */ = {
			isa = XCBuildConfiguration;
			buildSettings = {
				ALWAYS_EMBED_SWIFT_STANDARD_LIBRARIES = YES;
				CODE_SIGN_STYLE = Automatic;
				CURRENT_PROJECT_VERSION = 1;
				DEVELOPMENT_TEAM = 8Z2SQL9F4K;
				GENERATE_INFOPLIST_FILE = YES;
				MARKETING_VERSION = 1.0;
				PRODUCT_BUNDLE_IDENTIFIER = SaimanChen.LearnAPIUITests;
				PRODUCT_NAME = "$(TARGET_NAME)";
				SWIFT_EMIT_LOC_STRINGS = NO;
				SWIFT_VERSION = 5.0;
				TARGETED_DEVICE_FAMILY = "1,2";
				TEST_TARGET_NAME = LearnAPI;
			};
			name = Release;
		};
/* End XCBuildConfiguration section */

/* Begin XCConfigurationList section */
		337E547A290283AC005465C2 /* Build configuration list for PBXProject "LearnAPI" */ = {
			isa = XCConfigurationList;
			buildConfigurations = (
				337E54A1290283AE005465C2 /* Debug */,
				337E54A2290283AE005465C2 /* Release */,
			);
			defaultConfigurationIsVisible = 0;
			defaultConfigurationName = Release;
		};
		337E54A3290283AE005465C2 /* Build configuration list for PBXNativeTarget "LearnAPI" */ = {
			isa = XCConfigurationList;
			buildConfigurations = (
				337E54A4290283AE005465C2 /* Debug */,
				337E54A5290283AE005465C2 /* Release */,
			);
			defaultConfigurationIsVisible = 0;
			defaultConfigurationName = Release;
		};
		337E54A6290283AE005465C2 /* Build configuration list for PBXNativeTarget "LearnAPITests" */ = {
			isa = XCConfigurationList;
			buildConfigurations = (
				337E54A7290283AE005465C2 /* Debug */,
				337E54A8290283AE005465C2 /* Release */,
			);
			defaultConfigurationIsVisible = 0;
			defaultConfigurationName = Release;
		};
		337E54A9290283AE005465C2 /* Build configuration list for PBXNativeTarget "LearnAPIUITests" */ = {
			isa = XCConfigurationList;
			buildConfigurations = (
				337E54AA290283AE005465C2 /* Debug */,
				337E54AB290283AE005465C2 /* Release */,
			);
			defaultConfigurationIsVisible = 0;
			defaultConfigurationName = Release;
		};
/* End XCConfigurationList section */
	};
	rootObject = 337E5477290283AC005465C2 /* Project object */;
}
